
Microsoft Visual Studio Solution File, Format Version 12.00
# Visual Studio Version 17
VisualStudioVersion = 17.13.35919.96
MinimumVisualStudioVersion = 10.0.40219.1
Project("{FAE04EC0-301F-11D3-BF4B-00C04F79EFBC}") = "NhakhoaMyNgoc", "NhakhoaMyNgoc\NhakhoaMyNgoc.csproj", "{317B73FF-EBD9-4563-B82F-89190AB6FBE7}"
EndProject
Project("{FAE04EC0-301F-11D3-BF4B-00C04F79EFBC}") = "NhakhoaMyNgoc_Connector", "NhakhoaMyNgoc_Connector\NhakhoaMyNgoc_Connector.csproj", "{FC2F3939-52C3-DDE8-3202-1660203D9F98}"
EndProject
Project("{FAE04EC0-301F-11D3-BF4B-00C04F79EFBC}") = "NhakhoaMyNgoc_RDLC", "NhakhoaMyNgoc_RDLC\NhakhoaMyNgoc_RDLC.csproj", "{67CFEC06-4E3F-4790-A8F9-FD1914EA80F4}"
EndProject
Global
	GlobalSection(SolutionConfigurationPlatforms) = preSolution
		Debug|Any CPU = Debug|Any CPU
		Release|Any CPU = Release|Any CPU
	EndGlobalSection
	GlobalSection(ProjectConfigurationPlatforms) = postSolution
		{317B73FF-EBD9-4563-B82F-89190AB6FBE7}.Debug|Any CPU.ActiveCfg = Debug|Any CPU
		{317B73FF-EBD9-4563-B82F-89190AB6FBE7}.Debug|Any CPU.Build.0 = Debug|Any CPU
		{317B73FF-EBD9-4563-B82F-89190AB6FBE7}.Release|Any CPU.ActiveCfg = Release|Any CPU
		{317B73FF-EBD9-4563-B82F-89190AB6FBE7}.Release|Any CPU.Build.0 = Release|Any CPU
		{FC2F3939-52C3-DDE8-3202-1660203D9F98}.Debug|Any CPU.ActiveCfg = Debug|Any CPU
		{FC2F3939-52C3-DDE8-3202-1660203D9F98}.Debug|Any CPU.Build.0 = Debug|Any CPU
		{FC2F3939-52C3-DDE8-3202-1660203D9F98}.Release|Any CPU.ActiveCfg = Release|Any CPU
		{FC2F3939-52C3-DDE8-3202-1660203D9F98}.Release|Any CPU.Build.0 = Release|Any CPU
		{67CFEC06-4E3F-4790-A8F9-FD1914EA80F4}.Debug|Any CPU.ActiveCfg = Debug|Any CPU
		{67CFEC06-4E3F-4790-A8F9-FD1914EA80F4}.Debug|Any CPU.Build.0 = Debug|Any CPU
		{67CFEC06-4E3F-4790-A8F9-FD1914EA80F4}.Release|Any CPU.ActiveCfg = Release|Any CPU
		{67CFEC06-4E3F-4790-A8F9-FD1914EA80F4}.Release|Any CPU.Build.0 = Release|Any CPU
	EndGlobalSection
	GlobalSection(SolutionProperties) = preSolution
		HideSolutionNode = FALSE
	EndGlobalSection
	GlobalSection(ExtensibilityGlobals) = postSolution
		SolutionGuid = {DDE46DB2-601C-4D87-B949-1D21BE276810}
	EndGlobalSection
EndGlobal
